<?xml version="1.0" encoding="UTF-8"?>
<Scheme
   LastUpgradeVersion = "0620"
   version = "2.0">
   <BuildAction
      parallelizeBuildables = "YES"
      buildImplicitDependencies = "YES">
      <BuildActionEntries>
         <BuildActionEntry
            buildForTesting = "YES"
            buildForRunning = "YES"
            buildForProfiling = "YES"
            buildForArchiving = "YES"
            buildForAnalyzing = "YES">
            <BuildableReference
               BuildableIdentifier = "primary"
               BlueprintIdentifier = "40B88E7B1A84733000D280D7"
               BuildableName = "memo-me-there WatchKit App.app"
               BlueprintName = "memo-me-there WatchKit App"
               ReferencedContainer = "container:memo-me-there.xcodeproj">
            </BuildableReference>
         </BuildActionEntry>
         <BuildActionEntry
            buildForTesting = "YES"
            buildForRunning = "YES"
            buildForProfiling = "YES"
            buildForArchiving = "YES"
            buildForAnalyzing = "YES">
            <BuildableReference
               BuildableIdentifier = "primary"
               BlueprintIdentifier = "40B88E691A84733000D280D7"
               BuildableName = "memo-me-there WatchKit Extension.appex"
               BlueprintName = "memo-me-there WatchKit Extension"
               ReferencedContainer = "container:memo-me-there.xcodeproj">
            </BuildableReference>
         </BuildActionEntry>
         <BuildActionEntry
            buildForTesting = "YES"
            buildForRunning = "YES"
            buildForProfiling = "YES"
            buildForArchiving = "YES"
            buildForAnalyzing = "YES">
            <BuildableReference
               BuildableIdentifier = "primary"
               BlueprintIdentifier = "40C5CCCA1A805955006F6C2B"
               BuildableName = "memo-me-there.app"
               BlueprintName = "memo-me-there"
               ReferencedContainer = "container:memo-me-there.xcodeproj">
            </BuildableReference>
         </BuildActionEntry>
      </BuildActionEntries>
   </BuildAction>
   <TestAction
      selectedDebuggerIdentifier = "Xcode.DebuggerFoundation.Debugger.LLDB"
      selectedLauncherIdentifier = "Xcode.DebuggerFoundation.Launcher.LLDB"
      shouldUseLaunchSchemeArgsEnv = "YES"
      buildConfiguration = "Debug">
      <Testables>
      </Testables>
      <MacroExpansion>
         <BuildableReference
            BuildableIdentifier = "primary"
            BlueprintIdentifier = "40B88E7B1A84733000D280D7"
            BuildableName = "memo-me-there WatchKit App.app"
            BlueprintName = "memo-me-there WatchKit App"
            ReferencedContainer = "container:memo-me-there.xcodeproj">
         </BuildableReference>
      </MacroExpansion>
   </TestAction>
   <LaunchAction
      selectedDebuggerIdentifier = "Xcode.DebuggerFoundation.Debugger.LLDB"
      selectedLauncherIdentifier = "Xcode.DebuggerFoundation.Launcher.LLDB"
      launchStyle = "0"
      useCustomWorkingDirectory = "NO"
      buildConfiguration = "Debug"
      ignoresPersistentStateOnLaunch = "NO"
      debugDocumentVersioning = "YES"
      allowLocationSimulation = "YES"
      launchAutomaticallySubstyle = "4"
      notificationPayloadFile = "memo-me-there WatchKit Extension/PushNotificationPayload.apns">
      <RemoteRunnable
         runnableDebuggingMode = "2"
         BundleIdentifier = "com.apple.springboard"
         RemotePath = "/memo-me-there">
         <BuildableReference
            BuildableIdentifier = "primary"
            BlueprintIdentifier = "40B88E7B1A84733000D280D7"
            BuildableName = "memo-me-there WatchKit App.app"
            BlueprintName = "memo-me-there WatchKit App"
            ReferencedContainer = "container:memo-me-there.xcodeproj">
         </BuildableReference>
      </RemoteRunnable>
      <MacroExpansion>
         <BuildableReference
            BuildableIdentifier = "primary"
            BlueprintIdentifier = "40B88E7B1A84733000D280D7"
            BuildableName = "memo-me-there WatchKit App.app"
            BlueprintName = "memo-me-there WatchKit App"
            ReferencedContainer = "container:memo-me-there.xcodeproj">
         </BuildableReference>
      </MacroExpansion>
      <AdditionalOptions>
      </AdditionalOptions>
   </LaunchAction>
   <ProfileAction
      shouldUseLaunchSchemeArgsEnv = "YES"
      savedToolIdentifier = ""
      useCustomWorkingDirectory = "NO"
      buildConfiguration = "Release"
      debugDocumentVersioning = "YES">
      <RemoteRunnable
         runnableDebuggingMode = "2"
         BundleIdentifier = "com.apple.springboard"
         RemotePath = "/memo-me-there">
         <BuildableReference
            BuildableIdentifier = "primary"
            BlueprintIdentifier = "40B88E7B1A84733000D280D7"
            BuildableName = "memo-me-there WatchKit App.app"
            BlueprintName = "memo-me-there WatchKit App"
            ReferencedContainer = "container:memo-me-there.xcodeproj">
         </BuildableReference>
      </RemoteRunnable>
      <MacroExpansion>
         <BuildableReference
            BuildableIdentifier = "primary"
            BlueprintIdentifier = "40B88E7B1A84733000D280D7"
            BuildableName = "memo-me-there WatchKit App.app"
            BlueprintName = "memo-me-there WatchKit App"
            ReferencedContainer = "container:memo-me-there.xcodeproj">
         </BuildableReference>
      </MacroExpansion>
   </ProfileAction>
   <AnalyzeAction
      buildConfiguration = "Debug">
   </AnalyzeAction>
   <ArchiveAction
      buildConfiguration = "Release"
      revealArchiveInOrganizer = "YES">
   </ArchiveAction>
</Scheme>
